
Microsoft Visual Studio Solution File, Format Version 12.00
# Visual Studio 15
VisualStudioVersion = 15.0.28307.489
MinimumVisualStudioVersion = 10.0.40219.1
Project("{9A19103F-16F7-4668-BE54-9A1E7A4F7556}") = "ColytonHubApp", "ColytonHubApp\ColytonHubApp.csproj", "{FF552A17-9C92-4105-9C2D-6CFAC9372D4B}"
EndProject
Project("{FAE04EC0-301F-11D3-BF4B-00C04F79EFBC}") = "ColytonHubApp.UI", "ColytonHubApp.UI\ColytonHubApp.UI.csproj", "{AC6BDEBD-70AA-4F46-BE4D-F0301689E4C5}"
EndProject
Global
	GlobalSection(SolutionConfigurationPlatforms) = preSolution
		Debug|Any CPU = Debug|Any CPU
		Release|Any CPU = Release|Any CPU
	EndGlobalSection
	GlobalSection(ProjectConfigurationPlatforms) = postSolution
		{FF552A17-9C92-4105-9C2D-6CFAC9372D4B}.Debug|Any CPU.ActiveCfg = Debug|Any CPU
		{FF552A17-9C92-4105-9C2D-6CFAC9372D4B}.Debug|Any CPU.Build.0 = Debug|Any CPU
		{FF552A17-9C92-4105-9C2D-6CFAC9372D4B}.Release|Any CPU.ActiveCfg = Release|Any CPU
		{FF552A17-9C92-4105-9C2D-6CFAC9372D4B}.Release|Any CPU.Build.0 = Release|Any CPU
		{AC6BDEBD-70AA-4F46-BE4D-F0301689E4C5}.Debug|Any CPU.ActiveCfg = Debug|Any CPU
		{AC6BDEBD-70AA-4F46-BE4D-F0301689E4C5}.Debug|Any CPU.Build.0 = Debug|Any CPU
		{AC6BDEBD-70AA-4F46-BE4D-F0301689E4C5}.Release|Any CPU.ActiveCfg = Release|Any CPU
		{AC6BDEBD-70AA-4F46-BE4D-F0301689E4C5}.Release|Any CPU.Build.0 = Release|Any CPU
	EndGlobalSection
	GlobalSection(SolutionProperties) = preSolution
		HideSolutionNode = FALSE
	EndGlobalSection
	GlobalSection(ExtensibilityGlobals) = postSolution
		SolutionGuid = {D48554FD-075D-4B61-A0D8-81EFA0A2B76D}
	EndGlobalSection
EndGlobal
